
Microsoft Visual Studio Solution File, Format Version 12.00
# Visual Studio 15
VisualStudioVersion = 15.0.27130.2024
MinimumVisualStudioVersion = 10.0.40219.1
Project("{FAE04EC0-301F-11D3-BF4B-00C04F79EFBC}") = "DNDApp", "DNDApp\DNDApp.csproj", "{3756145E-9FDA-492C-BFA3-B5E44AD9582A}"
EndProject
Global
	GlobalSection(SolutionConfigurationPlatforms) = preSolution
		Debug|ARM = Debug|ARM
		Debug|x64 = Debug|x64
		Debug|x86 = Debug|x86
		Release|ARM = Release|ARM
		Release|x64 = Release|x64
		Release|x86 = Release|x86
	EndGlobalSection
	GlobalSection(ProjectConfigurationPlatforms) = postSolution
		{3756145E-9FDA-492C-BFA3-B5E44AD9582A}.Debug|ARM.ActiveCfg = Debug|ARM
		{3756145E-9FDA-492C-BFA3-B5E44AD9582A}.Debug|ARM.Build.0 = Debug|ARM
		{3756145E-9FDA-492C-BFA3-B5E44AD9582A}.Debug|ARM.Deploy.0 = Debug|ARM
		{3756145E-9FDA-492C-BFA3-B5E44AD9582A}.Debug|x64.ActiveCfg = Debug|x64
		{3756145E-9FDA-492C-BFA3-B5E44AD9582A}.Debug|x64.Build.0 = Debug|x64
		{3756145E-9FDA-492C-BFA3-B5E44AD9582A}.Debug|x64.Deploy.0 = Debug|x64
		{3756145E-9FDA-492C-BFA3-B5E44AD9582A}.Debug|x86.ActiveCfg = Debug|x86
		{3756145E-9FDA-492C-BFA3-B5E44AD9582A}.Debug|x86.Build.0 = Debug|x86
		{3756145E-9FDA-492C-BFA3-B5E44AD9582A}.Debug|x86.Deploy.0 = Debug|x86
		{3756145E-9FDA-492C-BFA3-B5E44AD9582A}.Release|ARM.ActiveCfg = Release|ARM
		{3756145E-9FDA-492C-BFA3-B5E44AD9582A}.Release|ARM.Build.0 = Release|ARM
		{3756145E-9FDA-492C-BFA3-B5E44AD9582A}.Release|ARM.Deploy.0 = Release|ARM
		{3756145E-9FDA-492C-BFA3-B5E44AD9582A}.Release|x64.ActiveCfg = Release|x64
		{3756145E-9FDA-492C-BFA3-B5E44AD9582A}.Release|x64.Build.0 = Release|x64
		{3756145E-9FDA-492C-BFA3-B5E44AD9582A}.Release|x64.Deploy.0 = Release|x64
		{3756145E-9FDA-492C-BFA3-B5E44AD9582A}.Release|x86.ActiveCfg = Release|x86
		{3756145E-9FDA-492C-BFA3-B5E44AD9582A}.Release|x86.Build.0 = Release|x86
		{3756145E-9FDA-492C-BFA3-B5E44AD9582A}.Release|x86.Deploy.0 = Release|x86
	EndGlobalSection
	GlobalSection(SolutionProperties) = preSolution
		HideSolutionNode = FALSE
	EndGlobalSection
	GlobalSection(ExtensibilityGlobals) = postSolution
		SolutionGuid = {73F15CEB-CE77-4DED-9ED9-E64DBA62FE2C}
	EndGlobalSection
EndGlobal
